
Microsoft Visual Studio Solution File, Format Version 12.00
# Visual Studio Version 17
VisualStudioVersion = 17.0.31903.59
MinimumVisualStudioVersion = 10.0.40219.1
Project("{FAE04EC0-301F-11D3-BF4B-00C04F79EFBC}") = "SkillsTracker", "SkillsTracker\SkillsTracker.csproj", "{FF2D9AA3-F372-424A-8D96-023D706D4D4F}"
EndProject
Project("{2150E333-8FDC-42A3-9474-1A3956D46DE8}") = "SkillsTracker.tests", "SkillsTracker.tests", "{3F9B8FF9-6F0B-4430-79CD-0E66335262C3}"
EndProject
Project("{FAE04EC0-301F-11D3-BF4B-00C04F79EFBC}") = "SkillsTracker.Tests", "SkillsTracker.tests\SkillsTracker.Tests.csproj", "{4AD6ECAC-B14B-41FB-B8F4-BE69CF237FFD}"
EndProject
Global
	GlobalSection(SolutionConfigurationPlatforms) = preSolution
		Debug|Any CPU = Debug|Any CPU
		Debug|x64 = Debug|x64
		Debug|x86 = Debug|x86
		Release|Any CPU = Release|Any CPU
		Release|x64 = Release|x64
		Release|x86 = Release|x86
	EndGlobalSection
	GlobalSection(ProjectConfigurationPlatforms) = postSolution
		{FF2D9AA3-F372-424A-8D96-023D706D4D4F}.Debug|Any CPU.ActiveCfg = Debug|Any CPU
		{FF2D9AA3-F372-424A-8D96-023D706D4D4F}.Debug|Any CPU.Build.0 = Debug|Any CPU
		{FF2D9AA3-F372-424A-8D96-023D706D4D4F}.Debug|x64.ActiveCfg = Debug|Any CPU
		{FF2D9AA3-F372-424A-8D96-023D706D4D4F}.Debug|x64.Build.0 = Debug|Any CPU
		{FF2D9AA3-F372-424A-8D96-023D706D4D4F}.Debug|x86.ActiveCfg = Debug|Any CPU
		{FF2D9AA3-F372-424A-8D96-023D706D4D4F}.Debug|x86.Build.0 = Debug|Any CPU
		{FF2D9AA3-F372-424A-8D96-023D706D4D4F}.Release|Any CPU.ActiveCfg = Release|Any CPU
		{FF2D9AA3-F372-424A-8D96-023D706D4D4F}.Release|Any CPU.Build.0 = Release|Any CPU
		{FF2D9AA3-F372-424A-8D96-023D706D4D4F}.Release|x64.ActiveCfg = Release|Any CPU
		{FF2D9AA3-F372-424A-8D96-023D706D4D4F}.Release|x64.Build.0 = Release|Any CPU
		{FF2D9AA3-F372-424A-8D96-023D706D4D4F}.Release|x86.ActiveCfg = Release|Any CPU
		{FF2D9AA3-F372-424A-8D96-023D706D4D4F}.Release|x86.Build.0 = Release|Any CPU
		{4AD6ECAC-B14B-41FB-B8F4-BE69CF237FFD}.Debug|Any CPU.ActiveCfg = Debug|Any CPU
		{4AD6ECAC-B14B-41FB-B8F4-BE69CF237FFD}.Debug|Any CPU.Build.0 = Debug|Any CPU
		{4AD6ECAC-B14B-41FB-B8F4-BE69CF237FFD}.Debug|x64.ActiveCfg = Debug|Any CPU
		{4AD6ECAC-B14B-41FB-B8F4-BE69CF237FFD}.Debug|x64.Build.0 = Debug|Any CPU
		{4AD6ECAC-B14B-41FB-B8F4-BE69CF237FFD}.Debug|x86.ActiveCfg = Debug|Any CPU
		{4AD6ECAC-B14B-41FB-B8F4-BE69CF237FFD}.Debug|x86.Build.0 = Debug|Any CPU
		{4AD6ECAC-B14B-41FB-B8F4-BE69CF237FFD}.Release|Any CPU.ActiveCfg = Release|Any CPU
		{4AD6ECAC-B14B-41FB-B8F4-BE69CF237FFD}.Release|Any CPU.Build.0 = Release|Any CPU
		{4AD6ECAC-B14B-41FB-B8F4-BE69CF237FFD}.Release|x64.ActiveCfg = Release|Any CPU
		{4AD6ECAC-B14B-41FB-B8F4-BE69CF237FFD}.Release|x64.Build.0 = Release|Any CPU
		{4AD6ECAC-B14B-41FB-B8F4-BE69CF237FFD}.Release|x86.ActiveCfg = Release|Any CPU
		{4AD6ECAC-B14B-41FB-B8F4-BE69CF237FFD}.Release|x86.Build.0 = Release|Any CPU
	EndGlobalSection
	GlobalSection(SolutionProperties) = preSolution
		HideSolutionNode = FALSE
	EndGlobalSection
	GlobalSection(NestedProjects) = preSolution
		{4AD6ECAC-B14B-41FB-B8F4-BE69CF237FFD} = {3F9B8FF9-6F0B-4430-79CD-0E66335262C3}
	EndGlobalSection
EndGlobal
